
Microsoft Visual Studio Solution File, Format Version 12.00
# Visual Studio Version 16
VisualStudioVersion = 16.0.31829.152
MinimumVisualStudioVersion = 10.0.40219.1
Project("{9A19103F-16F7-4668-BE54-9A1E7A4F7556}") = "AdventOfCode", "AdventOfCode\AdventOfCode.csproj", "{A229709B-1B31-492F-842A-53156AE5F434}"
EndProject
Project("{FAE04EC0-301F-11D3-BF4B-00C04F79EFBC}") = "AdventOfCode.Tests", "AdventOfCode.Tests\AdventOfCode.Tests.csproj", "{91265864-D02A-4D07-B1F0-B47E67B1607B}"
EndProject
Global
	GlobalSection(SolutionConfigurationPlatforms) = preSolution
		Debug|Any CPU = Debug|Any CPU
		Release|Any CPU = Release|Any CPU
	EndGlobalSection
	GlobalSection(ProjectConfigurationPlatforms) = postSolution
		{A229709B-1B31-492F-842A-53156AE5F434}.Debug|Any CPU.ActiveCfg = Debug|Any CPU
		{A229709B-1B31-492F-842A-53156AE5F434}.Debug|Any CPU.Build.0 = Debug|Any CPU
		{A229709B-1B31-492F-842A-53156AE5F434}.Release|Any CPU.ActiveCfg = Release|Any CPU
		{A229709B-1B31-492F-842A-53156AE5F434}.Release|Any CPU.Build.0 = Release|Any CPU
		{91265864-D02A-4D07-B1F0-B47E67B1607B}.Debug|Any CPU.ActiveCfg = Debug|Any CPU
		{91265864-D02A-4D07-B1F0-B47E67B1607B}.Debug|Any CPU.Build.0 = Debug|Any CPU
		{91265864-D02A-4D07-B1F0-B47E67B1607B}.Release|Any CPU.ActiveCfg = Release|Any CPU
		{91265864-D02A-4D07-B1F0-B47E67B1607B}.Release|Any CPU.Build.0 = Release|Any CPU
	EndGlobalSection
	GlobalSection(SolutionProperties) = preSolution
		HideSolutionNode = FALSE
	EndGlobalSection
	GlobalSection(ExtensibilityGlobals) = postSolution
		SolutionGuid = {332E3E82-9439-426D-9794-236EB35F4B6F}
	EndGlobalSection
EndGlobal
